
Microsoft Visual Studio Solution File, Format Version 12.00
# Visual Studio Version 16
VisualStudioVersion = 16.0.34407.143
MinimumVisualStudioVersion = 10.0.40219.1
Project("{FAE04EC0-301F-11D3-BF4B-00C04F79EFBC}") = "console_calculator_2", "console_calculator_2.csproj", "{B2BFE599-8131-43EC-B12F-F11630B78A2C}"
EndProject
Global
	GlobalSection(SolutionConfigurationPlatforms) = preSolution
		Debug|Any CPU = Debug|Any CPU
		Release|Any CPU = Release|Any CPU
	EndGlobalSection
	GlobalSection(ProjectConfigurationPlatforms) = postSolution
		{B2BFE599-8131-43EC-B12F-F11630B78A2C}.Debug|Any CPU.ActiveCfg = Debug|Any CPU
		{B2BFE599-8131-43EC-B12F-F11630B78A2C}.Debug|Any CPU.Build.0 = Debug|Any CPU
		{B2BFE599-8131-43EC-B12F-F11630B78A2C}.Release|Any CPU.ActiveCfg = Release|Any CPU
		{B2BFE599-8131-43EC-B12F-F11630B78A2C}.Release|Any CPU.Build.0 = Release|Any CPU
	EndGlobalSection
	GlobalSection(SolutionProperties) = preSolution
		HideSolutionNode = FALSE
	EndGlobalSection
	GlobalSection(ExtensibilityGlobals) = postSolution
		SolutionGuid = {CDEB6315-F545-486B-8257-052C3A0E433A}
	EndGlobalSection
EndGlobal
